
Microsoft Visual Studio Solution File, Format Version 12.00
# Visual Studio Version 17
VisualStudioVersion = 17.0.31903.59
MinimumVisualStudioVersion = 10.0.40219.1
Project("{FAE04EC0-301F-11D3-BF4B-00C04F79EFBC}") = "API", "API\API.csproj", "{A3F56412-1EFB-4947-B190-80F39F839469}"
EndProject
Project("{FAE04EC0-301F-11D3-BF4B-00C04F79EFBC}") = "Domain", "Domain\Domain.csproj", "{C25ED315-D069-4258-B0DC-CE718DA685C5}"
EndProject
Project("{FAE04EC0-301F-11D3-BF4B-00C04F79EFBC}") = "Persistance", "Persistance\Persistance.csproj", "{807E3011-B40C-4749-BEB2-A828EEFA0034}"
EndProject
Project("{FAE04EC0-301F-11D3-BF4B-00C04F79EFBC}") = "Application", "Application\Application.csproj", "{23F795EE-426F-4D8A-B00C-4BF448BFBF1A}"
EndProject
Global
	GlobalSection(SolutionConfigurationPlatforms) = preSolution
		Debug|Any CPU = Debug|Any CPU
		Debug|x64 = Debug|x64
		Debug|x86 = Debug|x86
		Release|Any CPU = Release|Any CPU
		Release|x64 = Release|x64
		Release|x86 = Release|x86
	EndGlobalSection
	GlobalSection(ProjectConfigurationPlatforms) = postSolution
		{A3F56412-1EFB-4947-B190-80F39F839469}.Debug|Any CPU.ActiveCfg = Debug|Any CPU
		{A3F56412-1EFB-4947-B190-80F39F839469}.Debug|Any CPU.Build.0 = Debug|Any CPU
		{A3F56412-1EFB-4947-B190-80F39F839469}.Debug|x64.ActiveCfg = Debug|Any CPU
		{A3F56412-1EFB-4947-B190-80F39F839469}.Debug|x64.Build.0 = Debug|Any CPU
		{A3F56412-1EFB-4947-B190-80F39F839469}.Debug|x86.ActiveCfg = Debug|Any CPU
		{A3F56412-1EFB-4947-B190-80F39F839469}.Debug|x86.Build.0 = Debug|Any CPU
		{A3F56412-1EFB-4947-B190-80F39F839469}.Release|Any CPU.ActiveCfg = Release|Any CPU
		{A3F56412-1EFB-4947-B190-80F39F839469}.Release|Any CPU.Build.0 = Release|Any CPU
		{A3F56412-1EFB-4947-B190-80F39F839469}.Release|x64.ActiveCfg = Release|Any CPU
		{A3F56412-1EFB-4947-B190-80F39F839469}.Release|x64.Build.0 = Release|Any CPU
		{A3F56412-1EFB-4947-B190-80F39F839469}.Release|x86.ActiveCfg = Release|Any CPU
		{A3F56412-1EFB-4947-B190-80F39F839469}.Release|x86.Build.0 = Release|Any CPU
		{C25ED315-D069-4258-B0DC-CE718DA685C5}.Debug|Any CPU.ActiveCfg = Debug|Any CPU
		{C25ED315-D069-4258-B0DC-CE718DA685C5}.Debug|Any CPU.Build.0 = Debug|Any CPU
		{C25ED315-D069-4258-B0DC-CE718DA685C5}.Debug|x64.ActiveCfg = Debug|Any CPU
		{C25ED315-D069-4258-B0DC-CE718DA685C5}.Debug|x64.Build.0 = Debug|Any CPU
		{C25ED315-D069-4258-B0DC-CE718DA685C5}.Debug|x86.ActiveCfg = Debug|Any CPU
		{C25ED315-D069-4258-B0DC-CE718DA685C5}.Debug|x86.Build.0 = Debug|Any CPU
		{C25ED315-D069-4258-B0DC-CE718DA685C5}.Release|Any CPU.ActiveCfg = Release|Any CPU
		{C25ED315-D069-4258-B0DC-CE718DA685C5}.Release|Any CPU.Build.0 = Release|Any CPU
		{C25ED315-D069-4258-B0DC-CE718DA685C5}.Release|x64.ActiveCfg = Release|Any CPU
		{C25ED315-D069-4258-B0DC-CE718DA685C5}.Release|x64.Build.0 = Release|Any CPU
		{C25ED315-D069-4258-B0DC-CE718DA685C5}.Release|x86.ActiveCfg = Release|Any CPU
		{C25ED315-D069-4258-B0DC-CE718DA685C5}.Release|x86.Build.0 = Release|Any CPU
		{807E3011-B40C-4749-BEB2-A828EEFA0034}.Debug|Any CPU.ActiveCfg = Debug|Any CPU
		{807E3011-B40C-4749-BEB2-A828EEFA0034}.Debug|Any CPU.Build.0 = Debug|Any CPU
		{807E3011-B40C-4749-BEB2-A828EEFA0034}.Debug|x64.ActiveCfg = Debug|Any CPU
		{807E3011-B40C-4749-BEB2-A828EEFA0034}.Debug|x64.Build.0 = Debug|Any CPU
		{807E3011-B40C-4749-BEB2-A828EEFA0034}.Debug|x86.ActiveCfg = Debug|Any CPU
		{807E3011-B40C-4749-BEB2-A828EEFA0034}.Debug|x86.Build.0 = Debug|Any CPU
		{807E3011-B40C-4749-BEB2-A828EEFA0034}.Release|Any CPU.ActiveCfg = Release|Any CPU
		{807E3011-B40C-4749-BEB2-A828EEFA0034}.Release|Any CPU.Build.0 = Release|Any CPU
		{807E3011-B40C-4749-BEB2-A828EEFA0034}.Release|x64.ActiveCfg = Release|Any CPU
		{807E3011-B40C-4749-BEB2-A828EEFA0034}.Release|x64.Build.0 = Release|Any CPU
		{807E3011-B40C-4749-BEB2-A828EEFA0034}.Release|x86.ActiveCfg = Release|Any CPU
		{807E3011-B40C-4749-BEB2-A828EEFA0034}.Release|x86.Build.0 = Release|Any CPU
		{23F795EE-426F-4D8A-B00C-4BF448BFBF1A}.Debug|Any CPU.ActiveCfg = Debug|Any CPU
		{23F795EE-426F-4D8A-B00C-4BF448BFBF1A}.Debug|Any CPU.Build.0 = Debug|Any CPU
		{23F795EE-426F-4D8A-B00C-4BF448BFBF1A}.Debug|x64.ActiveCfg = Debug|Any CPU
		{23F795EE-426F-4D8A-B00C-4BF448BFBF1A}.Debug|x64.Build.0 = Debug|Any CPU
		{23F795EE-426F-4D8A-B00C-4BF448BFBF1A}.Debug|x86.ActiveCfg = Debug|Any CPU
		{23F795EE-426F-4D8A-B00C-4BF448BFBF1A}.Debug|x86.Build.0 = Debug|Any CPU
		{23F795EE-426F-4D8A-B00C-4BF448BFBF1A}.Release|Any CPU.ActiveCfg = Release|Any CPU
		{23F795EE-426F-4D8A-B00C-4BF448BFBF1A}.Release|Any CPU.Build.0 = Release|Any CPU
		{23F795EE-426F-4D8A-B00C-4BF448BFBF1A}.Release|x64.ActiveCfg = Release|Any CPU
		{23F795EE-426F-4D8A-B00C-4BF448BFBF1A}.Release|x64.Build.0 = Release|Any CPU
		{23F795EE-426F-4D8A-B00C-4BF448BFBF1A}.Release|x86.ActiveCfg = Release|Any CPU
		{23F795EE-426F-4D8A-B00C-4BF448BFBF1A}.Release|x86.Build.0 = Release|Any CPU
	EndGlobalSection
	GlobalSection(SolutionProperties) = preSolution
		HideSolutionNode = FALSE
	EndGlobalSection
EndGlobal
